PODS:
  - WXGrowingTextView (0.0.4)

DEPENDENCIES:
  - WXGrowingTextView (from `../`)

EXTERNAL SOURCES:
  WXGrowingTextView:
    :path: "../"

SPEC CHECKSUMS:
  WXGrowingTextView: 921e3341d7d25795f9658df25c9e80e48d395a7a

PODFILE CHECKSUM: 04385943b22845961b7837971abfcba299ee4471

COCOAPODS: 1.9.3
