PODS:
  - WXGrowingTextView (0.0.6)

DEPENDENCIES:
  - WXGrowingTextView (from `../`)

EXTERNAL SOURCES:
  WXGrowingTextView:
    :path: "../"

SPEC CHECKSUMS:
  WXGrowingTextView: 483849294508784a755212c925b70811f257f2db

PODFILE CHECKSUM: 04385943b22845961b7837971abfcba299ee4471

COCOAPODS: 1.9.3
