PODS:
  - WXGrowingTextView (0.0.5)

DEPENDENCIES:
  - WXGrowingTextView (from `../`)

EXTERNAL SOURCES:
  WXGrowingTextView:
    :path: "../"

SPEC CHECKSUMS:
  WXGrowingTextView: 66d915f9125d032811e1dbcf9841fa1274856a41

PODFILE CHECKSUM: 04385943b22845961b7837971abfcba299ee4471

COCOAPODS: 1.9.3
